
Microsoft Visual Studio Solution File, Format Version 12.00
# Visual Studio Version 16
VisualStudioVersion = 16.0.30225.117
MinimumVisualStudioVersion = 10.0.40219.1
Project("{FAE04EC0-301F-11D3-BF4B-00C04F79EFBC}") = "WindowsFormsApp110", "WindowsFormsApp110\WindowsFormsApp110.csproj", "{32F8E02D-625A-47E7-942F-D4C6546ED17A}"
EndProject
Global
	GlobalSection(SolutionConfigurationPlatforms) = preSolution
		Debug|Any CPU = Debug|Any CPU
		Release|Any CPU = Release|Any CPU
	EndGlobalSection
	GlobalSection(ProjectConfigurationPlatforms) = postSolution
		{32F8E02D-625A-47E7-942F-D4C6546ED17A}.Debug|Any CPU.ActiveCfg = Debug|Any CPU
		{32F8E02D-625A-47E7-942F-D4C6546ED17A}.Debug|Any CPU.Build.0 = Debug|Any CPU
		{32F8E02D-625A-47E7-942F-D4C6546ED17A}.Release|Any CPU.ActiveCfg = Release|Any CPU
		{32F8E02D-625A-47E7-942F-D4C6546ED17A}.Release|Any CPU.Build.0 = Release|Any CPU
	EndGlobalSection
	GlobalSection(SolutionProperties) = preSolution
		HideSolutionNode = FALSE
	EndGlobalSection
	GlobalSection(ExtensibilityGlobals) = postSolution
		SolutionGuid = {891A4941-08A4-4495-AED5-6A2D290F8E7D}
	EndGlobalSection
EndGlobal
